
Microsoft Visual Studio Solution File, Format Version 12.00
# Visual Studio 15
Project("{FAE04EC0-301F-11D3-BF4B-00C04F79EFBC}") = "Assembly-CSharp", "Assembly-CSharp.csproj", "{9EB16398-3BB6-5984-676C-ABC7B67A9202}"
EndProject
Project("{FAE04EC0-301F-11D3-BF4B-00C04F79EFBC}") = "Assembly-CSharp-firstpass", "Assembly-CSharp-firstpass.csproj", "{6B3995B5-87F4-6156-5393-70CA61197174}"
EndProject
Project("{FAE04EC0-301F-11D3-BF4B-00C04F79EFBC}") = "Assembly-CSharp-Editor", "Assembly-CSharp-Editor.csproj", "{16EC401A-61A3-E32A-20AF-090365DD24AA}"
EndProject
Global
	GlobalSection(SolutionConfigurationPlatforms) = preSolution
		Debug|Any CPU = Debug|Any CPU
		Release|Any CPU = Release|Any CPU
	EndGlobalSection
	GlobalSection(ProjectConfigurationPlatforms) = postSolution
		{9EB16398-3BB6-5984-676C-ABC7B67A9202}.Debug|Any CPU.ActiveCfg = Debug|Any CPU
		{9EB16398-3BB6-5984-676C-ABC7B67A9202}.Debug|Any CPU.Build.0 = Debug|Any CPU
		{9EB16398-3BB6-5984-676C-ABC7B67A9202}.Release|Any CPU.ActiveCfg = Release|Any CPU
		{9EB16398-3BB6-5984-676C-ABC7B67A9202}.Release|Any CPU.Build.0 = Release|Any CPU
		{6B3995B5-87F4-6156-5393-70CA61197174}.Debug|Any CPU.ActiveCfg = Debug|Any CPU
		{6B3995B5-87F4-6156-5393-70CA61197174}.Debug|Any CPU.Build.0 = Debug|Any CPU
		{6B3995B5-87F4-6156-5393-70CA61197174}.Release|Any CPU.ActiveCfg = Release|Any CPU
		{6B3995B5-87F4-6156-5393-70CA61197174}.Release|Any CPU.Build.0 = Release|Any CPU
		{16EC401A-61A3-E32A-20AF-090365DD24AA}.Debug|Any CPU.ActiveCfg = Debug|Any CPU
		{16EC401A-61A3-E32A-20AF-090365DD24AA}.Debug|Any CPU.Build.0 = Debug|Any CPU
		{16EC401A-61A3-E32A-20AF-090365DD24AA}.Release|Any CPU.ActiveCfg = Release|Any CPU
		{16EC401A-61A3-E32A-20AF-090365DD24AA}.Release|Any CPU.Build.0 = Release|Any CPU
	EndGlobalSection
	GlobalSection(SolutionProperties) = preSolution
		HideSolutionNode = FALSE
	EndGlobalSection
EndGlobal
